
Microsoft Visual Studio Solution File, Format Version 12.00
# Visual Studio 15
VisualStudioVersion = 15.0.28010.2050
MinimumVisualStudioVersion = 10.0.40219.1
Project("{FAE04EC0-301F-11D3-BF4B-00C04F79EFBC}") = "AnparMobileBackend", "AnparMobileBackend\AnparMobileBackend.csproj", "{BAB7F9BB-16A2-4168-A114-C24AB5175809}"
EndProject
Global
	GlobalSection(SolutionConfigurationPlatforms) = preSolution
		Debug|Any CPU = Debug|Any CPU
		Release|Any CPU = Release|Any CPU
	EndGlobalSection
	GlobalSection(ProjectConfigurationPlatforms) = postSolution
		{BAB7F9BB-16A2-4168-A114-C24AB5175809}.Debug|Any CPU.ActiveCfg = Debug|Any CPU
		{BAB7F9BB-16A2-4168-A114-C24AB5175809}.Debug|Any CPU.Build.0 = Debug|Any CPU
		{BAB7F9BB-16A2-4168-A114-C24AB5175809}.Release|Any CPU.ActiveCfg = Release|Any CPU
		{BAB7F9BB-16A2-4168-A114-C24AB5175809}.Release|Any CPU.Build.0 = Release|Any CPU
	EndGlobalSection
	GlobalSection(SolutionProperties) = preSolution
		HideSolutionNode = FALSE
	EndGlobalSection
	GlobalSection(ExtensibilityGlobals) = postSolution
		SolutionGuid = {3F586818-E4DA-478D-B381-DDE5F9476AA8}
	EndGlobalSection
EndGlobal
